
Microsoft Visual Studio Solution File, Format Version 12.00
# Visual Studio 15
VisualStudioVersion = 15.0.28307.421
MinimumVisualStudioVersion = 10.0.40219.1
Project("{151D2E53-A2C4-4D7D-83FE-D05416EBD58E}") = "AFW-IasC", "AFW-IasC\AFW-IasC.deployproj", "{1AAAAE1F-F0C7-409E-88AE-5B0E65969A6D}"
EndProject
Global
	GlobalSection(SolutionConfigurationPlatforms) = preSolution
		Debug|Any CPU = Debug|Any CPU
		Release|Any CPU = Release|Any CPU
	EndGlobalSection
	GlobalSection(ProjectConfigurationPlatforms) = postSolution
		{1AAAAE1F-F0C7-409E-88AE-5B0E65969A6D}.Debug|Any CPU.ActiveCfg = Debug|Any CPU
		{1AAAAE1F-F0C7-409E-88AE-5B0E65969A6D}.Debug|Any CPU.Build.0 = Debug|Any CPU
		{1AAAAE1F-F0C7-409E-88AE-5B0E65969A6D}.Release|Any CPU.ActiveCfg = Release|Any CPU
		{1AAAAE1F-F0C7-409E-88AE-5B0E65969A6D}.Release|Any CPU.Build.0 = Release|Any CPU
	EndGlobalSection
	GlobalSection(SolutionProperties) = preSolution
		HideSolutionNode = FALSE
	EndGlobalSection
	GlobalSection(ExtensibilityGlobals) = postSolution
		SolutionGuid = {C30483CF-0500-4867-93C7-62780392D901}
	EndGlobalSection
EndGlobal
